{
    "_readme": [
        "This file locks the dependencies of your project to a known state",
        "Read more about it at https://getcomposer.org/doc/01-basic-usage.md#installing-dependencies",
        "This file is @generated automatically"
    ],
    "content-hash": "535b0cc080cc1a5967f107bb114ee4c8",
    "packages": [
        {
            "name": "uw-asa/spacews",
            "version": "dev-main",
            "source": {
                "type": "git",
                "url": "https://github.com/uw-asa/SpaceWS.git",
                "reference": "a234a0ca0870ea5867b1b2aa71815a662ba788a3"
            },
            "dist": {
                "type": "zip",
                "url": "https://api.github.com/repos/uw-asa/SpaceWS/zipball/a234a0ca0870ea5867b1b2aa71815a662ba788a3",
                "reference": "a234a0ca0870ea5867b1b2aa71815a662ba788a3",
                "shasum": ""
            },
            "require": {
                "uwdoem/connection": "3.*"
            },
            "require-dev": {
                "codeclimate/php-test-reporter": "dev-master",
                "phpdocumentor/phpdocumentor": "2.7.*",
                "phpunit/phpunit": "4.5.*",
                "squizlabs/php_codesniffer": "2.*",
                "uwdoem/standard": "*"
            },
            "default-branch": true,
            "type": "library",
            "autoload": {
                "classmap": [
                    "src/"
                ]
            },
            "notification-url": "https://packagist.org/downloads/",
            "authors": [
                {
                    "name": "Bradley Bell",
                    "email": "bradleyb@uw.edu",
                    "role": "Developer"
                }
            ],
            "description": "Client library for the University of Washington Space Web Service",
            "support": {
                "issues": "https://github.com/uw-asa/SpaceWS/issues",
                "source": "https://github.com/uw-asa/SpaceWS/tree/main"
            },
            "time": "2021-07-14T23:00:30+00:00"
        },
        {
            "name": "uwdoem/connection",
            "version": "3.0.0",
            "source": {
                "type": "git",
                "url": "https://github.com/UWEnrollmentManagement/Connection.git",
                "reference": "56cadfd9003a3e2d875494a26d9cce69b9b0aa57"
            },
            "dist": {
                "type": "zip",
                "url": "https://api.github.com/repos/UWEnrollmentManagement/Connection/zipball/56cadfd9003a3e2d875494a26d9cce69b9b0aa57",
                "reference": "56cadfd9003a3e2d875494a26d9cce69b9b0aa57",
                "shasum": ""
            },
            "require-dev": {
                "codeclimate/php-test-reporter": "dev-master",
                "phpdocumentor/phpdocumentor": "2.7.*",
                "phpunit/phpunit": "4.5.*",
                "squizlabs/php_codesniffer": "2.*",
                "uwdoem/standard": "*"
            },
            "type": "library",
            "autoload": {
                "classmap": [
                    "src/"
                ]
            },
            "notification-url": "https://packagist.org/downloads/",
            "authors": [
                {
                    "name": "Page Bonifaci",
                    "email": "BonPacific@protonmail.com",
                    "role": "Developer"
                }
            ],
            "description": "Helper library for connecting to the university's x.509 secured web services",
            "support": {
                "issues": "https://github.com/UWEnrollmentManagement/Connection/issues",
                "source": "https://github.com/UWEnrollmentManagement/Connection/tree/master"
            },
            "time": "2017-11-15T22:24:51+00:00"
        }
    ],
    "packages-dev": [],
    "aliases": [],
    "minimum-stability": "stable",
    "stability-flags": {
        "uw-asa/spacews": 20
    },
    "prefer-stable": false,
    "prefer-lowest": false,
    "platform": [],
    "platform-dev": [],
    "plugin-api-version": "2.1.0"
}
